
Microsoft Visual Studio Solution File, Format Version 12.00
# Visual Studio Version 16
VisualStudioVersion = 16.0.809.1
MinimumVisualStudioVersion = 10.0.40219.1
Project("{FAE04EC0-301F-11D3-BF4B-00C04F79EFBC}") = "demo", "demo.csproj", "{8CF659B6-7A2C-46A8-991E-62485C2C521C}"
EndProject
Global
	GlobalSection(SolutionConfigurationPlatforms) = preSolution
		Debug|Any CPU = Debug|Any CPU
		Release|Any CPU = Release|Any CPU
	EndGlobalSection
	GlobalSection(ProjectConfigurationPlatforms) = postSolution
		{8CF659B6-7A2C-46A8-991E-62485C2C521C}.Debug|Any CPU.ActiveCfg = Debug|Any CPU
		{8CF659B6-7A2C-46A8-991E-62485C2C521C}.Debug|Any CPU.Build.0 = Debug|Any CPU
		{8CF659B6-7A2C-46A8-991E-62485C2C521C}.Release|Any CPU.ActiveCfg = Release|Any CPU
		{8CF659B6-7A2C-46A8-991E-62485C2C521C}.Release|Any CPU.Build.0 = Release|Any CPU
	EndGlobalSection
	GlobalSection(SolutionProperties) = preSolution
		HideSolutionNode = FALSE
	EndGlobalSection
	GlobalSection(ExtensibilityGlobals) = postSolution
		SolutionGuid = {51EE3B97-471B-49C8-A3B2-ECC98887EE75}
	EndGlobalSection
EndGlobal
