
Microsoft Visual Studio Solution File, Format Version 12.00
# Visual Studio Version 16
VisualStudioVersion = 16.0.808.4
MinimumVisualStudioVersion = 10.0.40219.1
Project("{FAE04EC0-301F-11D3-BF4B-00C04F79EFBC}") = "demo", "demo.csproj", "{95092561-DADD-4C13-9CA2-E864465A70B8}"
EndProject
Global
	GlobalSection(SolutionConfigurationPlatforms) = preSolution
		Debug|Any CPU = Debug|Any CPU
		Release|Any CPU = Release|Any CPU
	EndGlobalSection
	GlobalSection(ProjectConfigurationPlatforms) = postSolution
		{95092561-DADD-4C13-9CA2-E864465A70B8}.Debug|Any CPU.ActiveCfg = Debug|Any CPU
		{95092561-DADD-4C13-9CA2-E864465A70B8}.Debug|Any CPU.Build.0 = Debug|Any CPU
		{95092561-DADD-4C13-9CA2-E864465A70B8}.Release|Any CPU.ActiveCfg = Release|Any CPU
		{95092561-DADD-4C13-9CA2-E864465A70B8}.Release|Any CPU.Build.0 = Release|Any CPU
	EndGlobalSection
	GlobalSection(SolutionProperties) = preSolution
		HideSolutionNode = FALSE
	EndGlobalSection
	GlobalSection(ExtensibilityGlobals) = postSolution
		SolutionGuid = {EDC19F86-05A7-4FFD-954F-2332BD7819C8}
	EndGlobalSection
EndGlobal
